// !$*UTF8*$!
{
	archiveVersion = 1;
	classes = {
	};
	objectVersion = 46;
	objects = {

/* Begin PBXBuildFile section */
		BF6535A7182E1B2C00FFCD3F /* Foundation.framework in Frameworks */ = {isa = PBXBuildFile; fileRef = BF6535A6182E1B2C00FFCD3F /* Foundation.framework */; };
		BF6535A9182E1B2C00FFCD3F /* CoreGraphics.framework in Frameworks */ = {isa = PBXBuildFile; fileRef = BF6535A8182E1B2C00FFCD3F /* CoreGraphics.framework */; };
		BF6535AB182E1B2C00FFCD3F /* UIKit.framework in Frameworks */ = {isa = PBXBuildFile; fileRef = BF6535AA182E1B2C00FFCD3F /* UIKit.framework */; };
		BF6535B1182E1B2C00FFCD3F /* InfoPlist.strings in Resources */ = {isa = PBXBuildFile; fileRef = BF6535AF182E1B2C00FFCD3F /* InfoPlist.strings */; };
		BF6535B3182E1B2C00FFCD3F /* main.m in Sources */ = {isa = PBXBuildFile; fileRef = BF6535B2182E1B2C00FFCD3F /* main.m */; };
		BF6535B7182E1B2C00FFCD3F /* AppDelegate.m in Sources */ = {isa = PBXBuildFile; fileRef = BF6535B6182E1B2C00FFCD3F /* AppDelegate.m */; };
		BF6535BA182E1B2C00FFCD3F /* Main_iPhone.storyboard in Resources */ = {isa = PBXBuildFile; fileRef = BF6535B8182E1B2C00FFCD3F /* Main_iPhone.storyboard */; };
		BF6535BD182E1B2C00FFCD3F /* Main_iPad.storyboard in Resources */ = {isa = PBXBuildFile; fileRef = BF6535BB182E1B2C00FFCD3F /* Main_iPad.storyboard */; };
		BF6535C2182E1B2C00FFCD3F /* Images.xcassets in Resources */ = {isa = PBXBuildFile; fileRef = BF6535C1182E1B2C00FFCD3F /* Images.xcassets */; };
		BF6535C9182E1B2C00FFCD3F /* XCTest.framework in Frameworks */ = {isa = PBXBuildFile; fileRef = BF6535C8182E1B2C00FFCD3F /* XCTest.framework */; };
		BF6535CA182E1B2C00FFCD3F /* Foundation.framework in Frameworks */ = {isa = PBXBuildFile; fileRef = BF6535A6182E1B2C00FFCD3F /* Foundation.framework */; };
		BF6535CB182E1B2C00FFCD3F /* UIKit.framework in Frameworks */ = {isa = PBXBuildFile; fileRef = BF6535AA182E1B2C00FFCD3F /* UIKit.framework */; };
		BF6535D3182E1B2C00FFCD3F /* InfoPlist.strings in Resources */ = {isa = PBXBuildFile; fileRef = BF6535D1182E1B2C00FFCD3F /* InfoPlist.strings */; };
		BF6535D5182E1B2C00FFCD3F /* Dash_For_Your_LifeTests.m in Sources */ = {isa = PBXBuildFile; fileRef = BF6535D4182E1B2C00FFCD3F /* Dash_For_Your_LifeTests.m */; };
		BF6535E0182E212D00FFCD3F /* SplashViewController.m in Sources */ = {isa = PBXBuildFile; fileRef = BF6535DF182E212D00FFCD3F /* SplashViewController.m */; };
		BF6535E5182E3C3300FFCD3F /* MenuViewController.m in Sources */ = {isa = PBXBuildFile; fileRef = BF6535E4182E3C3300FFCD3F /* MenuViewController.m */; };
		BF6535E8182E4EBD00FFCD3F /* SettingsViewController.m in Sources */ = {isa = PBXBuildFile; fileRef = BF6535E7182E4EBD00FFCD3F /* SettingsViewController.m */; };
		BF6535EB182E4EF300FFCD3F /* FreeModeViewController.m in Sources */ = {isa = PBXBuildFile; fileRef = BF6535EA182E4EF300FFCD3F /* FreeModeViewController.m */; };
		BF6535EE182E4F0000FFCD3F /* HelpViewController.m in Sources */ = {isa = PBXBuildFile; fileRef = BF6535ED182E4F0000FFCD3F /* HelpViewController.m */; };
		BF6535F9182EA23D00FFCD3F /* FreeModeParamViewController.m in Sources */ = {isa = PBXBuildFile; fileRef = BF6535F8182EA23D00FFCD3F /* FreeModeParamViewController.m */; };
		BF6535FC182EAA3200FFCD3F /* MenuTableViewController.m in Sources */ = {isa = PBXBuildFile; fileRef = BF6535FB182EAA3200FFCD3F /* MenuTableViewController.m */; };
		BF6535FF182EB10900FFCD3F /* StatisticsTableViewController.m in Sources */ = {isa = PBXBuildFile; fileRef = BF6535FE182EB10900FFCD3F /* StatisticsTableViewController.m */; };
		BF653602182EB2E500FFCD3F /* PlayerStatsViewController.m in Sources */ = {isa = PBXBuildFile; fileRef = BF653601182EB2E500FFCD3F /* PlayerStatsViewController.m */; };
		BF653605182EB2F800FFCD3F /* HighScoresViewController.m in Sources */ = {isa = PBXBuildFile; fileRef = BF653604182EB2F800FFCD3F /* HighScoresViewController.m */; };
		BF653608182EB30B00FFCD3F /* AchievementsViewController.m in Sources */ = {isa = PBXBuildFile; fileRef = BF653607182EB30B00FFCD3F /* AchievementsViewController.m */; };
		BF653611182EE3BA00FFCD3F /* HelpGeneralViewController.m in Sources */ = {isa = PBXBuildFile; fileRef = BF653610182EE3BA00FFCD3F /* HelpGeneralViewController.m */; };
		BF653614182EE3D000FFCD3F /* HelpObstaclesViewController.m in Sources */ = {isa = PBXBuildFile; fileRef = BF653613182EE3D000FFCD3F /* HelpObstaclesViewController.m */; };
		BF653617182EE3DD00FFCD3F /* HelpZombiesViewController.m in Sources */ = {isa = PBXBuildFile; fileRef = BF653616182EE3DD00FFCD3F /* HelpZombiesViewController.m */; };
		BF65361A182EE3EA00FFCD3F /* HelpExercisesViewController.m in Sources */ = {isa = PBXBuildFile; fileRef = BF653619182EE3EA00FFCD3F /* HelpExercisesViewController.m */; };
		BF65361D182EE3FA00FFCD3F /* HelpItemsViewController.m in Sources */ = {isa = PBXBuildFile; fileRef = BF65361C182EE3FA00FFCD3F /* HelpItemsViewController.m */; };
		BF653620182EE40900FFCD3F /* HelpScoringViewController.m in Sources */ = {isa = PBXBuildFile; fileRef = BF65361F182EE40900FFCD3F /* HelpScoringViewController.m */; };
		BF840C1F18300B6100B6A46B /* HighScoreTier1ViewController.m in Sources */ = {isa = PBXBuildFile; fileRef = BF840C1E18300B6100B6A46B /* HighScoreTier1ViewController.m */; };
		BF840C261830444C00B6A46B /* SettingsViewController.xib in Resources */ = {isa = PBXBuildFile; fileRef = BF840C251830444C00B6A46B /* SettingsViewController.xib */; };
		F9955E66182EF4B4005280F4 /* PlayerProfile.m in Sources */ = {isa = PBXBuildFile; fileRef = F9955E65182EF4B4005280F4 /* PlayerProfile.m */; };
		F9955E68182F09FE005280F4 /* Zombie_Splash.png in Resources */ = {isa = PBXBuildFile; fileRef = F9955E67182F09FE005280F4 /* Zombie_Splash.png */; };
		F9955E6B182F377F005280F4 /* DestinationSelectorViewController.m in Sources */ = {isa = PBXBuildFile; fileRef = F9955E6A182F377F005280F4 /* DestinationSelectorViewController.m */; };
		F9FEDB4A182E219C00DB94EF /* Checkpoint.m in Sources */ = {isa = PBXBuildFile; fileRef = F9FEDB49182E219C00DB94EF /* Checkpoint.m */; };
		F9FEDB4D182E21C800DB94EF /* Player.m in Sources */ = {isa = PBXBuildFile; fileRef = F9FEDB4C182E21C800DB94EF /* Player.m */; };
		F9FEDB50182E220100DB94EF /* Obstacle.m in Sources */ = {isa = PBXBuildFile; fileRef = F9FEDB4F182E220100DB94EF /* Obstacle.m */; };
		F9FEDB53182E221D00DB94EF /* Item.m in Sources */ = {isa = PBXBuildFile; fileRef = F9FEDB52182E221D00DB94EF /* Item.m */; };
		F9FEDB56182E22A800DB94EF /* Zombie.m in Sources */ = {isa = PBXBuildFile; fileRef = F9FEDB55182E22A800DB94EF /* Zombie.m */; };
		F9FEDB58182E278900DB94EF /* MapKit.framework in Frameworks */ = {isa = PBXBuildFile; fileRef = F9FEDB57182E278900DB94EF /* MapKit.framework */; };
/* End PBXBuildFile section */

/* Begin PBXContainerItemProxy section */
		BF6535CC182E1B2C00FFCD3F /* PBXContainerItemProxy */ = {
			isa = PBXContainerItemProxy;
			containerPortal = BF65359B182E1B2C00FFCD3F /* Project object */;
			proxyType = 1;
			remoteGlobalIDString = BF6535A2182E1B2C00FFCD3F;
			remoteInfo = "Dash For Your Life";
		};
/* End PBXContainerItemProxy section */

/* Begin PBXFileReference section */
		BF6535A3182E1B2C00FFCD3F /* Dash For Your Life.app */ = {isa = PBXFileReference; explicitFileType = wrapper.application; includeInIndex = 0; path = "Dash For Your Life.app"; sourceTree = BUILT_PRODUCTS_DIR; };
		BF6535A6182E1B2C00FFCD3F /* Foundation.framework */ = {isa = PBXFileReference; lastKnownFileType = wrapper.framework; name = Foundation.framework; path = System/Library/Frameworks/Foundation.framework; sourceTree = SDKROOT; };
		BF6535A8182E1B2C00FFCD3F /* CoreGraphics.framework */ = {isa = PBXFileReference; lastKnownFileType = wrapper.framework; name = CoreGraphics.framework; path = System/Library/Frameworks/CoreGraphics.framework; sourceTree = SDKROOT; };
		BF6535AA182E1B2C00FFCD3F /* UIKit.framework */ = {isa = PBXFileReference; lastKnownFileType = wrapper.framework; name = UIKit.framework; path = System/Library/Frameworks/UIKit.framework; sourceTree = SDKROOT; };
		BF6535AE182E1B2C00FFCD3F /* Dash For Your Life-Info.plist */ = {isa = PBXFileReference; lastKnownFileType = text.plist.xml; path = "Dash For Your Life-Info.plist"; sourceTree = "<group>"; };
		BF6535B0182E1B2C00FFCD3F /* en */ = {isa = PBXFileReference; lastKnownFileType = text.plist.strings; name = en; path = en.lproj/InfoPlist.strings; sourceTree = "<group>"; };
		BF6535B2182E1B2C00FFCD3F /* main.m */ = {isa = PBXFileReference; lastKnownFileType = sourcecode.c.objc; path = main.m; sourceTree = "<group>"; };
		BF6535B4182E1B2C00FFCD3F /* Dash For Your Life-Prefix.pch */ = {isa = PBXFileReference; lastKnownFileType = sourcecode.c.h; path = "Dash For Your Life-Prefix.pch"; sourceTree = "<group>"; };
		BF6535B5182E1B2C00FFCD3F /* AppDelegate.h */ = {isa = PBXFileReference; lastKnownFileType = sourcecode.c.h; path = AppDelegate.h; sourceTree = "<group>"; };
		BF6535B6182E1B2C00FFCD3F /* AppDelegate.m */ = {isa = PBXFileReference; lastKnownFileType = sourcecode.c.objc; path = AppDelegate.m; sourceTree = "<group>"; };
		BF6535B9182E1B2C00FFCD3F /* Base */ = {isa = PBXFileReference; lastKnownFileType = file.storyboard; name = Base; path = Base.lproj/Main_iPhone.storyboard; sourceTree = "<group>"; };
		BF6535BC182E1B2C00FFCD3F /* Base */ = {isa = PBXFileReference; lastKnownFileType = file.storyboard; name = Base; path = Base.lproj/Main_iPad.storyboard; sourceTree = "<group>"; };
		BF6535C1182E1B2C00FFCD3F /* Images.xcassets */ = {isa = PBXFileReference; lastKnownFileType = folder.assetcatalog; path = Images.xcassets; sourceTree = "<group>"; };
		BF6535C7182E1B2C00FFCD3F /* Dash For Your LifeTests.xctest */ = {isa = PBXFileReference; explicitFileType = wrapper.cfbundle; includeInIndex = 0; path = "Dash For Your LifeTests.xctest"; sourceTree = BUILT_PRODUCTS_DIR; };
		BF6535C8182E1B2C00FFCD3F /* XCTest.framework */ = {isa = PBXFileReference; lastKnownFileType = wrapper.framework; name = XCTest.framework; path = Library/Frameworks/XCTest.framework; sourceTree = DEVELOPER_DIR; };
		BF6535D0182E1B2C00FFCD3F /* Dash For Your LifeTests-Info.plist */ = {isa = PBXFileReference; lastKnownFileType = text.plist.xml; path = "Dash For Your LifeTests-Info.plist"; sourceTree = "<group>"; };
		BF6535D2182E1B2C00FFCD3F /* en */ = {isa = PBXFileReference; lastKnownFileType = text.plist.strings; name = en; path = en.lproj/InfoPlist.strings; sourceTree = "<group>"; };
		BF6535D4182E1B2C00FFCD3F /* Dash_For_Your_LifeTests.m */ = {isa = PBXFileReference; lastKnownFileType = sourcecode.c.objc; path = Dash_For_Your_LifeTests.m; sourceTree = "<group>"; };
		BF6535DE182E212D00FFCD3F /* SplashViewController.h */ = {isa = PBXFileReference; fileEncoding = 4; lastKnownFileType = sourcecode.c.h; path = SplashViewController.h; sourceTree = "<group>"; };
		BF6535DF182E212D00FFCD3F /* SplashViewController.m */ = {isa = PBXFileReference; fileEncoding = 4; lastKnownFileType = sourcecode.c.objc; path = SplashViewController.m; sourceTree = "<group>"; };
		BF6535E3182E3C3300FFCD3F /* MenuViewController.h */ = {isa = PBXFileReference; fileEncoding = 4; lastKnownFileType = sourcecode.c.h; path = MenuViewController.h; sourceTree = "<group>"; };
		BF6535E4182E3C3300FFCD3F /* MenuViewController.m */ = {isa = PBXFileReference; fileEncoding = 4; lastKnownFileType = sourcecode.c.objc; path = MenuViewController.m; sourceTree = "<group>"; };
		BF6535E6182E4EBD00FFCD3F /* SettingsViewController.h */ = {isa = PBXFileReference; fileEncoding = 4; lastKnownFileType = sourcecode.c.h; path = SettingsViewController.h; sourceTree = "<group>"; };
		BF6535E7182E4EBD00FFCD3F /* SettingsViewController.m */ = {isa = PBXFileReference; fileEncoding = 4; lastKnownFileType = sourcecode.c.objc; path = SettingsViewController.m; sourceTree = "<group>"; };
		BF6535E9182E4EF300FFCD3F /* FreeModeViewController.h */ = {isa = PBXFileReference; fileEncoding = 4; lastKnownFileType = sourcecode.c.h; path = FreeModeViewController.h; sourceTree = "<group>"; };
		BF6535EA182E4EF300FFCD3F /* FreeModeViewController.m */ = {isa = PBXFileReference; fileEncoding = 4; lastKnownFileType = sourcecode.c.objc; path = FreeModeViewController.m; sourceTree = "<group>"; };
		BF6535EC182E4F0000FFCD3F /* HelpViewController.h */ = {isa = PBXFileReference; fileEncoding = 4; lastKnownFileType = sourcecode.c.h; path = HelpViewController.h; sourceTree = "<group>"; };
		BF6535ED182E4F0000FFCD3F /* HelpViewController.m */ = {isa = PBXFileReference; fileEncoding = 4; lastKnownFileType = sourcecode.c.objc; path = HelpViewController.m; sourceTree = "<group>"; };
		BF6535F7182EA23D00FFCD3F /* FreeModeParamViewController.h */ = {isa = PBXFileReference; fileEncoding = 4; lastKnownFileType = sourcecode.c.h; path = FreeModeParamViewController.h; sourceTree = "<group>"; };
		BF6535F8182EA23D00FFCD3F /* FreeModeParamViewController.m */ = {isa = PBXFileReference; fileEncoding = 4; lastKnownFileType = sourcecode.c.objc; path = FreeModeParamViewController.m; sourceTree = "<group>"; };
		BF6535FA182EAA3200FFCD3F /* MenuTableViewController.h */ = {isa = PBXFileReference; fileEncoding = 4; lastKnownFileType = sourcecode.c.h; path = MenuTableViewController.h; sourceTree = "<group>"; };
		BF6535FB182EAA3200FFCD3F /* MenuTableViewController.m */ = {isa = PBXFileReference; fileEncoding = 4; lastKnownFileType = sourcecode.c.objc; path = MenuTableViewController.m; sourceTree = "<group>"; };
		BF6535FD182EB10900FFCD3F /* StatisticsTableViewController.h */ = {isa = PBXFileReference; fileEncoding = 4; lastKnownFileType = sourcecode.c.h; path = StatisticsTableViewController.h; sourceTree = "<group>"; };
		BF6535FE182EB10900FFCD3F /* StatisticsTableViewController.m */ = {isa = PBXFileReference; fileEncoding = 4; lastKnownFileType = sourcecode.c.objc; path = StatisticsTableViewController.m; sourceTree = "<group>"; };
		BF653600182EB2E500FFCD3F /* PlayerStatsViewController.h */ = {isa = PBXFileReference; fileEncoding = 4; lastKnownFileType = sourcecode.c.h; path = PlayerStatsViewController.h; sourceTree = "<group>"; };
		BF653601182EB2E500FFCD3F /* PlayerStatsViewController.m */ = {isa = PBXFileReference; fileEncoding = 4; lastKnownFileType = sourcecode.c.objc; path = PlayerStatsViewController.m; sourceTree = "<group>"; };
		BF653603182EB2F800FFCD3F /* HighScoresViewController.h */ = {isa = PBXFileReference; fileEncoding = 4; lastKnownFileType = sourcecode.c.h; path = HighScoresViewController.h; sourceTree = "<group>"; };
		BF653604182EB2F800FFCD3F /* HighScoresViewController.m */ = {isa = PBXFileReference; fileEncoding = 4; lastKnownFileType = sourcecode.c.objc; path = HighScoresViewController.m; sourceTree = "<group>"; };
		BF653606182EB30B00FFCD3F /* AchievementsViewController.h */ = {isa = PBXFileReference; fileEncoding = 4; lastKnownFileType = sourcecode.c.h; path = AchievementsViewController.h; sourceTree = "<group>"; };
		BF653607182EB30B00FFCD3F /* AchievementsViewController.m */ = {isa = PBXFileReference; fileEncoding = 4; lastKnownFileType = sourcecode.c.objc; path = AchievementsViewController.m; sourceTree = "<group>"; };
		BF65360F182EE3BA00FFCD3F /* HelpGeneralViewController.h */ = {isa = PBXFileReference; fileEncoding = 4; lastKnownFileType = sourcecode.c.h; path = HelpGeneralViewController.h; sourceTree = "<group>"; };
		BF653610182EE3BA00FFCD3F /* HelpGeneralViewController.m */ = {isa = PBXFileReference; fileEncoding = 4; lastKnownFileType = sourcecode.c.objc; path = HelpGeneralViewController.m; sourceTree = "<group>"; };
		BF653612182EE3D000FFCD3F /* HelpObstaclesViewController.h */ = {isa = PBXFileReference; fileEncoding = 4; lastKnownFileType = sourcecode.c.h; path = HelpObstaclesViewController.h; sourceTree = "<group>"; };
		BF653613182EE3D000FFCD3F /* HelpObstaclesViewController.m */ = {isa = PBXFileReference; fileEncoding = 4; lastKnownFileType = sourcecode.c.objc; path = HelpObstaclesViewController.m; sourceTree = "<group>"; };
		BF653615182EE3DD00FFCD3F /* HelpZombiesViewController.h */ = {isa = PBXFileReference; fileEncoding = 4; lastKnownFileType = sourcecode.c.h; path = HelpZombiesViewController.h; sourceTree = "<group>"; };
		BF653616182EE3DD00FFCD3F /* HelpZombiesViewController.m */ = {isa = PBXFileReference; fileEncoding = 4; lastKnownFileType = sourcecode.c.objc; path = HelpZombiesViewController.m; sourceTree = "<group>"; };
		BF653618182EE3EA00FFCD3F /* HelpExercisesViewController.h */ = {isa = PBXFileReference; fileEncoding = 4; lastKnownFileType = sourcecode.c.h; path = HelpExercisesViewController.h; sourceTree = "<group>"; };
		BF653619182EE3EA00FFCD3F /* HelpExercisesViewController.m */ = {isa = PBXFileReference; fileEncoding = 4; lastKnownFileType = sourcecode.c.objc; path = HelpExercisesViewController.m; sourceTree = "<group>"; };
		BF65361B182EE3FA00FFCD3F /* HelpItemsViewController.h */ = {isa = PBXFileReference; fileEncoding = 4; lastKnownFileType = sourcecode.c.h; path = HelpItemsViewController.h; sourceTree = "<group>"; };
		BF65361C182EE3FA00FFCD3F /* HelpItemsViewController.m */ = {isa = PBXFileReference; fileEncoding = 4; lastKnownFileType = sourcecode.c.objc; path = HelpItemsViewController.m; sourceTree = "<group>"; };
		BF65361E182EE40900FFCD3F /* HelpScoringViewController.h */ = {isa = PBXFileReference; fileEncoding = 4; lastKnownFileType = sourcecode.c.h; path = HelpScoringViewController.h; sourceTree = "<group>"; };
		BF65361F182EE40900FFCD3F /* HelpScoringViewController.m */ = {isa = PBXFileReference; fileEncoding = 4; lastKnownFileType = sourcecode.c.objc; path = HelpScoringViewController.m; sourceTree = "<group>"; };
		BF840C1D18300B6100B6A46B /* HighScoreTier1ViewController.h */ = {isa = PBXFileReference; fileEncoding = 4; lastKnownFileType = sourcecode.c.h; path = HighScoreTier1ViewController.h; sourceTree = "<group>"; };
		BF840C1E18300B6100B6A46B /* HighScoreTier1ViewController.m */ = {isa = PBXFileReference; fileEncoding = 4; lastKnownFileType = sourcecode.c.objc; path = HighScoreTier1ViewController.m; sourceTree = "<group>"; };
		BF840C251830444C00B6A46B /* SettingsViewController.xib */ = {isa = PBXFileReference; fileEncoding = 4; lastKnownFileType = file.xib; name = SettingsViewController.xib; path = ../SettingsViewController.xib; sourceTree = "<group>"; };
		F9955E61182EAAF9005280F4 /* FreeModeParamViewController.h */ = {isa = PBXFileReference; fileEncoding = 4; lastKnownFileType = sourcecode.c.h; path = FreeModeParamViewController.h; sourceTree = "<group>"; };
		F9955E62182EAAF9005280F4 /* FreeModeParamViewController.m */ = {isa = PBXFileReference; fileEncoding = 4; lastKnownFileType = sourcecode.c.objc; path = FreeModeParamViewController.m; sourceTree = "<group>"; };
		F9955E64182EF4B4005280F4 /* PlayerProfile.h */ = {isa = PBXFileReference; fileEncoding = 4; lastKnownFileType = sourcecode.c.h; name = PlayerProfile.h; path = Models/PlayerProfile.h; sourceTree = "<group>"; };
		F9955E65182EF4B4005280F4 /* PlayerProfile.m */ = {isa = PBXFileReference; fileEncoding = 4; lastKnownFileType = sourcecode.c.objc; name = PlayerProfile.m; path = Models/PlayerProfile.m; sourceTree = "<group>"; };
		F9955E67182F09FE005280F4 /* Zombie_Splash.png */ = {isa = PBXFileReference; lastKnownFileType = image.png; name = Zombie_Splash.png; path = "Dash For Your Life/Zombie_Splash.png"; sourceTree = "<group>"; };
		F9955E69182F377F005280F4 /* DestinationSelectorViewController.h */ = {isa = PBXFileReference; fileEncoding = 4; lastKnownFileType = sourcecode.c.h; path = DestinationSelectorViewController.h; sourceTree = "<group>"; };
		F9955E6A182F377F005280F4 /* DestinationSelectorViewController.m */ = {isa = PBXFileReference; fileEncoding = 4; lastKnownFileType = sourcecode.c.objc; path = DestinationSelectorViewController.m; sourceTree = "<group>"; };
		F9955E6C182F73D4005280F4 /* EventKitUI.framework */ = {isa = PBXFileReference; lastKnownFileType = wrapper.framework; name = EventKitUI.framework; path = System/Library/Frameworks/EventKitUI.framework; sourceTree = SDKROOT; };
		F9FEDB48182E219C00DB94EF /* Checkpoint.h */ = {isa = PBXFileReference; fileEncoding = 4; lastKnownFileType = sourcecode.c.h; name = Checkpoint.h; path = Models/Checkpoint.h; sourceTree = "<group>"; };
		F9FEDB49182E219C00DB94EF /* Checkpoint.m */ = {isa = PBXFileReference; fileEncoding = 4; lastKnownFileType = sourcecode.c.objc; name = Checkpoint.m; path = Models/Checkpoint.m; sourceTree = "<group>"; };
		F9FEDB4B182E21C800DB94EF /* Player.h */ = {isa = PBXFileReference; fileEncoding = 4; lastKnownFileType = sourcecode.c.h; name = Player.h; path = Models/Player.h; sourceTree = "<group>"; };
		F9FEDB4C182E21C800DB94EF /* Player.m */ = {isa = PBXFileReference; fileEncoding = 4; lastKnownFileType = sourcecode.c.objc; name = Player.m; path = Models/Player.m; sourceTree = "<group>"; };
		F9FEDB4E182E220100DB94EF /* Obstacle.h */ = {isa = PBXFileReference; fileEncoding = 4; lastKnownFileType = sourcecode.c.h; name = Obstacle.h; path = Models/Obstacle.h; sourceTree = "<group>"; };
		F9FEDB4F182E220100DB94EF /* Obstacle.m */ = {isa = PBXFileReference; fileEncoding = 4; lastKnownFileType = sourcecode.c.objc; name = Obstacle.m; path = Models/Obstacle.m; sourceTree = "<group>"; };
		F9FEDB51182E221D00DB94EF /* Item.h */ = {isa = PBXFileReference; fileEncoding = 4; lastKnownFileType = sourcecode.c.h; name = Item.h; path = Models/Item.h; sourceTree = "<group>"; };
		F9FEDB52182E221D00DB94EF /* Item.m */ = {isa = PBXFileReference; fileEncoding = 4; lastKnownFileType = sourcecode.c.objc; name = Item.m; path = Models/Item.m; sourceTree = "<group>"; };
		F9FEDB54182E22A800DB94EF /* Zombie.h */ = {isa = PBXFileReference; fileEncoding = 4; lastKnownFileType = sourcecode.c.h; name = Zombie.h; path = Models/Zombie.h; sourceTree = "<group>"; };
		F9FEDB55182E22A800DB94EF /* Zombie.m */ = {isa = PBXFileReference; fileEncoding = 4; lastKnownFileType = sourcecode.c.objc; name = Zombie.m; path = Models/Zombie.m; sourceTree = "<group>"; };
		F9FEDB57182E278900DB94EF /* MapKit.framework */ = {isa = PBXFileReference; lastKnownFileType = wrapper.framework; name = MapKit.framework; path = System/Library/Frameworks/MapKit.framework; sourceTree = SDKROOT; };
/* End PBXFileReference section */

/* Begin PBXFrameworksBuildPhase section */
		BF6535A0182E1B2C00FFCD3F /* Frameworks */ = {
			isa = PBXFrameworksBuildPhase;
			buildActionMask = 2147483647;
			files = (
				F9FEDB58182E278900DB94EF /* MapKit.framework in Frameworks */,
				BF6535A9182E1B2C00FFCD3F /* CoreGraphics.framework in Frameworks */,
				BF6535AB182E1B2C00FFCD3F /* UIKit.framework in Frameworks */,
				BF6535A7182E1B2C00FFCD3F /* Foundation.framework in Frameworks */,
			);
			runOnlyForDeploymentPostprocessing = 0;
		};
		BF6535C4182E1B2C00FFCD3F /* Frameworks */ = {
			isa = PBXFrameworksBuildPhase;
			buildActionMask = 2147483647;
			files = (
				BF6535C9182E1B2C00FFCD3F /* XCTest.framework in Frameworks */,
				BF6535CB182E1B2C00FFCD3F /* UIKit.framework in Frameworks */,
				BF6535CA182E1B2C00FFCD3F /* Foundation.framework in Frameworks */,
			);
			runOnlyForDeploymentPostprocessing = 0;
		};
/* End PBXFrameworksBuildPhase section */

/* Begin PBXGroup section */
		BF65359A182E1B2C00FFCD3F = {
			isa = PBXGroup;
			children = (
				F9955E67182F09FE005280F4 /* Zombie_Splash.png */,
				BF6535AC182E1B2C00FFCD3F /* Dash For Your Life */,
				BF6535CE182E1B2C00FFCD3F /* Dash For Your LifeTests */,
				BF6535A5182E1B2C00FFCD3F /* Frameworks */,
				BF6535A4182E1B2C00FFCD3F /* Products */,
			);
			sourceTree = "<group>";
		};
		BF6535A4182E1B2C00FFCD3F /* Products */ = {
			isa = PBXGroup;
			children = (
				BF6535A3182E1B2C00FFCD3F /* Dash For Your Life.app */,
				BF6535C7182E1B2C00FFCD3F /* Dash For Your LifeTests.xctest */,
			);
			name = Products;
			sourceTree = "<group>";
		};
		BF6535A5182E1B2C00FFCD3F /* Frameworks */ = {
			isa = PBXGroup;
			children = (
				F9955E6C182F73D4005280F4 /* EventKitUI.framework */,
				F9FEDB57182E278900DB94EF /* MapKit.framework */,
				BF6535A6182E1B2C00FFCD3F /* Foundation.framework */,
				BF6535A8182E1B2C00FFCD3F /* CoreGraphics.framework */,
				BF6535AA182E1B2C00FFCD3F /* UIKit.framework */,
				BF6535C8182E1B2C00FFCD3F /* XCTest.framework */,
			);
			name = Frameworks;
			sourceTree = "<group>";
		};
		BF6535AC182E1B2C00FFCD3F /* Dash For Your Life */ = {
			isa = PBXGroup;
			children = (
				F9FEDB48182E219C00DB94EF /* Checkpoint.h */,
				F9FEDB49182E219C00DB94EF /* Checkpoint.m */,
				F9FEDB4B182E21C800DB94EF /* Player.h */,
				F9FEDB4C182E21C800DB94EF /* Player.m */,
				F9955E64182EF4B4005280F4 /* PlayerProfile.h */,
				F9955E65182EF4B4005280F4 /* PlayerProfile.m */,
				BF6535B5182E1B2C00FFCD3F /* AppDelegate.h */,
				BF6535B6182E1B2C00FFCD3F /* AppDelegate.m */,
				BF6535DE182E212D00FFCD3F /* SplashViewController.h */,
				BF6535DF182E212D00FFCD3F /* SplashViewController.m */,
				BF6535E3182E3C3300FFCD3F /* MenuViewController.h */,
				BF6535E4182E3C3300FFCD3F /* MenuViewController.m */,
				BF6535FA182EAA3200FFCD3F /* MenuTableViewController.h */,
				BF6535FB182EAA3200FFCD3F /* MenuTableViewController.m */,
				BF6535F7182EA23D00FFCD3F /* FreeModeParamViewController.h */,
				BF6535F8182EA23D00FFCD3F /* FreeModeParamViewController.m */,
				F9955E69182F377F005280F4 /* DestinationSelectorViewController.h */,
				F9955E6A182F377F005280F4 /* DestinationSelectorViewController.m */,
				BF6535E9182E4EF300FFCD3F /* FreeModeViewController.h */,
				BF6535EA182E4EF300FFCD3F /* FreeModeViewController.m */,
				BF6535E6182E4EBD00FFCD3F /* SettingsViewController.h */,
				BF6535E7182E4EBD00FFCD3F /* SettingsViewController.m */,
				BF840C251830444C00B6A46B /* SettingsViewController.xib */,
				BF6535EC182E4F0000FFCD3F /* HelpViewController.h */,
				F9955E61182EAAF9005280F4 /* FreeModeParamViewController.h */,
				F9955E62182EAAF9005280F4 /* FreeModeParamViewController.m */,
				BF6535ED182E4F0000FFCD3F /* HelpViewController.m */,
				BF65360F182EE3BA00FFCD3F /* HelpGeneralViewController.h */,
				BF653610182EE3BA00FFCD3F /* HelpGeneralViewController.m */,
				BF653612182EE3D000FFCD3F /* HelpObstaclesViewController.h */,
				BF653613182EE3D000FFCD3F /* HelpObstaclesViewController.m */,
				BF653615182EE3DD00FFCD3F /* HelpZombiesViewController.h */,
				BF653616182EE3DD00FFCD3F /* HelpZombiesViewController.m */,
				BF653618182EE3EA00FFCD3F /* HelpExercisesViewController.h */,
				BF653619182EE3EA00FFCD3F /* HelpExercisesViewController.m */,
				BF65361B182EE3FA00FFCD3F /* HelpItemsViewController.h */,
				BF65361C182EE3FA00FFCD3F /* HelpItemsViewController.m */,
				BF65361E182EE40900FFCD3F /* HelpScoringViewController.h */,
				BF65361F182EE40900FFCD3F /* HelpScoringViewController.m */,
				BF6535FD182EB10900FFCD3F /* StatisticsTableViewController.h */,
				BF6535FE182EB10900FFCD3F /* StatisticsTableViewController.m */,
				BF653600182EB2E500FFCD3F /* PlayerStatsViewController.h */,
				BF653601182EB2E500FFCD3F /* PlayerStatsViewController.m */,
				BF653603182EB2F800FFCD3F /* HighScoresViewController.h */,
				BF653604182EB2F800FFCD3F /* HighScoresViewController.m */,
				BF840C1D18300B6100B6A46B /* HighScoreTier1ViewController.h */,
				BF840C1E18300B6100B6A46B /* HighScoreTier1ViewController.m */,
				BF653606182EB30B00FFCD3F /* AchievementsViewController.h */,
				BF653607182EB30B00FFCD3F /* AchievementsViewController.m */,
				BF6535B8182E1B2C00FFCD3F /* Main_iPhone.storyboard */,
				BF6535BB182E1B2C00FFCD3F /* Main_iPad.storyboard */,
				BF6535C1182E1B2C00FFCD3F /* Images.xcassets */,
				BF6535AD182E1B2C00FFCD3F /* Supporting Files */,
				F9FEDB4E182E220100DB94EF /* Obstacle.h */,
				F9FEDB4F182E220100DB94EF /* Obstacle.m */,
				F9FEDB51182E221D00DB94EF /* Item.h */,
				F9FEDB52182E221D00DB94EF /* Item.m */,
				F9FEDB54182E22A800DB94EF /* Zombie.h */,
				F9FEDB55182E22A800DB94EF /* Zombie.m */,
			);
			path = "Dash For Your Life";
			sourceTree = "<group>";
		};
		BF6535AD182E1B2C00FFCD3F /* Supporting Files */ = {
			isa = PBXGroup;
			children = (
				BF6535AE182E1B2C00FFCD3F /* Dash For Your Life-Info.plist */,
				BF6535AF182E1B2C00FFCD3F /* InfoPlist.strings */,
				BF6535B2182E1B2C00FFCD3F /* main.m */,
				BF6535B4182E1B2C00FFCD3F /* Dash For Your Life-Prefix.pch */,
			);
			name = "Supporting Files";
			sourceTree = "<group>";
		};
		BF6535CE182E1B2C00FFCD3F /* Dash For Your LifeTests */ = {
			isa = PBXGroup;
			children = (
				BF6535D4182E1B2C00FFCD3F /* Dash_For_Your_LifeTests.m */,
				BF6535CF182E1B2C00FFCD3F /* Supporting Files */,
			);
			path = "Dash For Your LifeTests";
			sourceTree = "<group>";
		};
		BF6535CF182E1B2C00FFCD3F /* Supporting Files */ = {
			isa = PBXGroup;
			children = (
				BF6535D0182E1B2C00FFCD3F /* Dash For Your LifeTests-Info.plist */,
				BF6535D1182E1B2C00FFCD3F /* InfoPlist.strings */,
			);
			name = "Supporting Files";
			sourceTree = "<group>";
		};
/* End PBXGroup section */

/* Begin PBXNativeTarget section */
		BF6535A2182E1B2C00FFCD3F /* Dash For Your Life */ = {
			isa = PBXNativeTarget;
			buildConfigurationList = BF6535D8182E1B2C00FFCD3F /* Build configuration list for PBXNativeTarget "Dash For Your Life" */;
			buildPhases = (
				BF65359F182E1B2C00FFCD3F /* Sources */,
				BF6535A0182E1B2C00FFCD3F /* Frameworks */,
				BF6535A1182E1B2C00FFCD3F /* Resources */,
			);
			buildRules = (
			);
			dependencies = (
			);
			name = "Dash For Your Life";
			productName = "Dash For Your Life";
			productReference = BF6535A3182E1B2C00FFCD3F /* Dash For Your Life.app */;
			productType = "com.apple.product-type.application";
		};
		BF6535C6182E1B2C00FFCD3F /* Dash For Your LifeTests */ = {
			isa = PBXNativeTarget;
			buildConfigurationList = BF6535DB182E1B2C00FFCD3F /* Build configuration list for PBXNativeTarget "Dash For Your LifeTests" */;
			buildPhases = (
				BF6535C3182E1B2C00FFCD3F /* Sources */,
				BF6535C4182E1B2C00FFCD3F /* Frameworks */,
				BF6535C5182E1B2C00FFCD3F /* Resources */,
			);
			buildRules = (
			);
			dependencies = (
				BF6535CD182E1B2C00FFCD3F /* PBXTargetDependency */,
			);
			name = "Dash For Your LifeTests";
			productName = "Dash For Your LifeTests";
			productReference = BF6535C7182E1B2C00FFCD3F /* Dash For Your LifeTests.xctest */;
			productType = "com.apple.product-type.bundle.unit-test";
		};
/* End PBXNativeTarget section */

/* Begin PBXProject section */
		BF65359B182E1B2C00FFCD3F /* Project object */ = {
			isa = PBXProject;
			attributes = {
				LastUpgradeCheck = 0500;
				ORGANIZATIONNAME = Vivid;
				TargetAttributes = {
					BF6535C6182E1B2C00FFCD3F = {
						TestTargetID = BF6535A2182E1B2C00FFCD3F;
					};
				};
			};
			buildConfigurationList = BF65359E182E1B2C00FFCD3F /* Build configuration list for PBXProject "Dash For Your Life" */;
			compatibilityVersion = "Xcode 3.2";
			developmentRegion = English;
			hasScannedForEncodings = 0;
			knownRegions = (
				en,
				Base,
			);
			mainGroup = BF65359A182E1B2C00FFCD3F;
			productRefGroup = BF6535A4182E1B2C00FFCD3F /* Products */;
			projectDirPath = "";
			projectRoot = "";
			targets = (
				BF6535A2182E1B2C00FFCD3F /* Dash For Your Life */,
				BF6535C6182E1B2C00FFCD3F /* Dash For Your LifeTests */,
			);
		};
/* End PBXProject section */

/* Begin PBXResourcesBuildPhase section */
		BF6535A1182E1B2C00FFCD3F /* Resources */ = {
			isa = PBXResourcesBuildPhase;
			buildActionMask = 2147483647;
			files = (
				BF6535BD182E1B2C00FFCD3F /* Main_iPad.storyboard in Resources */,
				BF840C261830444C00B6A46B /* SettingsViewController.xib in Resources */,
				F9955E68182F09FE005280F4 /* Zombie_Splash.png in Resources */,
				BF6535C2182E1B2C00FFCD3F /* Images.xcassets in Resources */,
				BF6535BA182E1B2C00FFCD3F /* Main_iPhone.storyboard in Resources */,
				BF6535B1182E1B2C00FFCD3F /* InfoPlist.strings in Resources */,
			);
			runOnlyForDeploymentPostprocessing = 0;
		};
		BF6535C5182E1B2C00FFCD3F /* Resources */ = {
			isa = PBXResourcesBuildPhase;
			buildActionMask = 2147483647;
			files = (
				BF6535D3182E1B2C00FFCD3F /* InfoPlist.strings in Resources */,
			);
			runOnlyForDeploymentPostprocessing = 0;
		};
/* End PBXResourcesBuildPhase section */

/* Begin PBXSourcesBuildPhase section */
		BF65359F182E1B2C00FFCD3F /* Sources */ = {
			isa = PBXSourcesBuildPhase;
			buildActionMask = 2147483647;
			files = (
				BF6535FC182EAA3200FFCD3F /* MenuTableViewController.m in Sources */,
				BF653608182EB30B00FFCD3F /* AchievementsViewController.m in Sources */,
				BF65361A182EE3EA00FFCD3F /* HelpExercisesViewController.m in Sources */,
				F9FEDB56182E22A800DB94EF /* Zombie.m in Sources */,
				F9FEDB4A182E219C00DB94EF /* Checkpoint.m in Sources */,
				BF6535B7182E1B2C00FFCD3F /* AppDelegate.m in Sources */,
				BF6535F9182EA23D00FFCD3F /* FreeModeParamViewController.m in Sources */,
				BF653611182EE3BA00FFCD3F /* HelpGeneralViewController.m in Sources */,
				BF6535B3182E1B2C00FFCD3F /* main.m in Sources */,
				F9955E66182EF4B4005280F4 /* PlayerProfile.m in Sources */,
				F9FEDB50182E220100DB94EF /* Obstacle.m in Sources */,
				F9FEDB53182E221D00DB94EF /* Item.m in Sources */,
				F9FEDB4D182E21C800DB94EF /* Player.m in Sources */,
				BF653617182EE3DD00FFCD3F /* HelpZombiesViewController.m in Sources */,
				BF653614182EE3D000FFCD3F /* HelpObstaclesViewController.m in Sources */,
				BF653605182EB2F800FFCD3F /* HighScoresViewController.m in Sources */,
				BF6535E8182E4EBD00FFCD3F /* SettingsViewController.m in Sources */,
				BF6535E0182E212D00FFCD3F /* SplashViewController.m in Sources */,
				F9955E6B182F377F005280F4 /* DestinationSelectorViewController.m in Sources */,
				BF6535FF182EB10900FFCD3F /* StatisticsTableViewController.m in Sources */,
				BF840C1F18300B6100B6A46B /* HighScoreTier1ViewController.m in Sources */,
				BF653602182EB2E500FFCD3F /* PlayerStatsViewController.m in Sources */,
				BF6535EB182E4EF300FFCD3F /* FreeModeViewController.m in Sources */,
				BF6535E5182E3C3300FFCD3F /* MenuViewController.m in Sources */,
				BF6535EE182E4F0000FFCD3F /* HelpViewController.m in Sources */,
				BF65361D182EE3FA00FFCD3F /* HelpItemsViewController.m in Sources */,
				BF653620182EE40900FFCD3F /* HelpScoringViewController.m in Sources */,
			);
			runOnlyForDeploymentPostprocessing = 0;
		};
		BF6535C3182E1B2C00FFCD3F /* Sources */ = {
			isa = PBXSourcesBuildPhase;
			buildActionMask = 2147483647;
			files = (
				BF6535D5182E1B2C00FFCD3F /* Dash_For_Your_LifeTests.m in Sources */,
			);
			runOnlyForDeploymentPostprocessing = 0;
		};
/* End PBXSourcesBuildPhase section */

/* Begin PBXTargetDependency section */
		BF6535CD182E1B2C00FFCD3F /* PBXTargetDependency */ = {
			isa = PBXTargetDependency;
			target = BF6535A2182E1B2C00FFCD3F /* Dash For Your Life */;
			targetProxy = BF6535CC182E1B2C00FFCD3F /* PBXContainerItemProxy */;
		};
/* End PBXTargetDependency section */

/* Begin PBXVariantGroup section */
		BF6535AF182E1B2C00FFCD3F /* InfoPlist.strings */ = {
			isa = PBXVariantGroup;
			children = (
				BF6535B0182E1B2C00FFCD3F /* en */,
			);
			name = InfoPlist.strings;
			sourceTree = "<group>";
		};
		BF6535B8182E1B2C00FFCD3F /* Main_iPhone.storyboard */ = {
			isa = PBXVariantGroup;
			children = (
				BF6535B9182E1B2C00FFCD3F /* Base */,
			);
			name = Main_iPhone.storyboard;
			sourceTree = "<group>";
		};
		BF6535BB182E1B2C00FFCD3F /* Main_iPad.storyboard */ = {
			isa = PBXVariantGroup;
			children = (
				BF6535BC182E1B2C00FFCD3F /* Base */,
			);
			name = Main_iPad.storyboard;
			sourceTree = "<group>";
		};
		BF6535D1182E1B2C00FFCD3F /* InfoPlist.strings */ = {
			isa = PBXVariantGroup;
			children = (
				BF6535D2182E1B2C00FFCD3F /* en */,
			);
			name = InfoPlist.strings;
			sourceTree = "<group>";
		};
/* End PBXVariantGroup section */

/* Begin XCBuildConfiguration section */
		BF6535D6182E1B2C00FFCD3F /* Debug */ = {
			isa = XCBuildConfiguration;
			buildSettings = {
				ALWAYS_SEARCH_USER_PATHS = NO;
				ARCHS = "$(ARCHS_STANDARD_INCLUDING_64_BIT)";
				CLANG_CXX_LANGUAGE_STANDARD = "gnu++0x";
				CLANG_CXX_LIBRARY = "libc++";
				CLANG_ENABLE_MODULES = YES;
				CLANG_ENABLE_OBJC_ARC = YES;
				CLANG_WARN_BOOL_CONVERSION = YES;
				CLANG_WARN_CONSTANT_CONVERSION = YES;
				CLANG_WARN_DIRECT_OBJC_ISA_USAGE = YES_ERROR;
				CLANG_WARN_EMPTY_BODY = YES;
				CLANG_WARN_ENUM_CONVERSION = YES;
				CLANG_WARN_INT_CONVERSION = YES;
				CLANG_WARN_OBJC_ROOT_CLASS = YES_ERROR;
				CLANG_WARN__DUPLICATE_METHOD_MATCH = YES;
				"CODE_SIGN_IDENTITY[sdk=iphoneos*]" = "iPhone Developer";
				COPY_PHASE_STRIP = NO;
				GCC_C_LANGUAGE_STANDARD = gnu99;
				GCC_DYNAMIC_NO_PIC = NO;
				GCC_OPTIMIZATION_LEVEL = 0;
				GCC_PREPROCESSOR_DEFINITIONS = (
					"DEBUG=1",
					"$(inherited)",
				);
				GCC_SYMBOLS_PRIVATE_EXTERN = NO;
				GCC_WARN_64_TO_32_BIT_CONVERSION = YES;
				GCC_WARN_ABOUT_RETURN_TYPE = YES_ERROR;
				GCC_WARN_UNDECLARED_SELECTOR = YES;
				GCC_WARN_UNINITIALIZED_AUTOS = YES;
				GCC_WARN_UNUSED_FUNCTION = YES;
				GCC_WARN_UNUSED_VARIABLE = YES;
				IPHONEOS_DEPLOYMENT_TARGET = 7.0;
				ONLY_ACTIVE_ARCH = YES;
				SDKROOT = iphoneos;
				TARGETED_DEVICE_FAMILY = "1,2";
			};
			name = Debug;
		};
		BF6535D7182E1B2C00FFCD3F /* Release */ = {
			isa = XCBuildConfiguration;
			buildSettings = {
				ALWAYS_SEARCH_USER_PATHS = NO;
				ARCHS = "$(ARCHS_STANDARD_INCLUDING_64_BIT)";
				CLANG_CXX_LANGUAGE_STANDARD = "gnu++0x";
				CLANG_CXX_LIBRARY = "libc++";
				CLANG_ENABLE_MODULES = YES;
				CLANG_ENABLE_OBJC_ARC = YES;
				CLANG_WARN_BOOL_CONVERSION = YES;
				CLANG_WARN_CONSTANT_CONVERSION = YES;
				CLANG_WARN_DIRECT_OBJC_ISA_USAGE = YES_ERROR;
				CLANG_WARN_EMPTY_BODY = YES;
				CLANG_WARN_ENUM_CONVERSION = YES;
				CLANG_WARN_INT_CONVERSION = YES;
				CLANG_WARN_OBJC_ROOT_CLASS = YES_ERROR;
				CLANG_WARN__DUPLICATE_METHOD_MATCH = YES;
				"CODE_SIGN_IDENTITY[sdk=iphoneos*]" = "iPhone Developer";
				COPY_PHASE_STRIP = YES;
				ENABLE_NS_ASSERTIONS = NO;
				GCC_C_LANGUAGE_STANDARD = gnu99;
				GCC_WARN_64_TO_32_BIT_CONVERSION = YES;
				GCC_WARN_ABOUT_RETURN_TYPE = YES_ERROR;
				GCC_WARN_UNDECLARED_SELECTOR = YES;
				GCC_WARN_UNINITIALIZED_AUTOS = YES;
				GCC_WARN_UNUSED_FUNCTION = YES;
				GCC_WARN_UNUSED_VARIABLE = YES;
				IPHONEOS_DEPLOYMENT_TARGET = 7.0;
				SDKROOT = iphoneos;
				TARGETED_DEVICE_FAMILY = "1,2";
				VALIDATE_PRODUCT = YES;
			};
			name = Release;
		};
		BF6535D9182E1B2C00FFCD3F /* Debug */ = {
			isa = XCBuildConfiguration;
			buildSettings = {
				ASSETCATALOG_COMPILER_APPICON_NAME = AppIcon;
				ASSETCATALOG_COMPILER_LAUNCHIMAGE_NAME = LaunchImage;
				GCC_PRECOMPILE_PREFIX_HEADER = YES;
				GCC_PREFIX_HEADER = "Dash For Your Life/Dash For Your Life-Prefix.pch";
				INFOPLIST_FILE = "Dash For Your Life/Dash For Your Life-Info.plist";
				PRODUCT_NAME = "$(TARGET_NAME)";
				WRAPPER_EXTENSION = app;
			};
			name = Debug;
		};
		BF6535DA182E1B2C00FFCD3F /* Release */ = {
			isa = XCBuildConfiguration;
			buildSettings = {
				ASSETCATALOG_COMPILER_APPICON_NAME = AppIcon;
				ASSETCATALOG_COMPILER_LAUNCHIMAGE_NAME = LaunchImage;
				GCC_PRECOMPILE_PREFIX_HEADER = YES;
				GCC_PREFIX_HEADER = "Dash For Your Life/Dash For Your Life-Prefix.pch";
				INFOPLIST_FILE = "Dash For Your Life/Dash For Your Life-Info.plist";
				PRODUCT_NAME = "$(TARGET_NAME)";
				WRAPPER_EXTENSION = app;
			};
			name = Release;
		};
		BF6535DC182E1B2C00FFCD3F /* Debug */ = {
			isa = XCBuildConfiguration;
			buildSettings = {
				ARCHS = "$(ARCHS_STANDARD_INCLUDING_64_BIT)";
				BUNDLE_LOADER = "$(BUILT_PRODUCTS_DIR)/Dash For Your Life.app/Dash For Your Life";
				FRAMEWORK_SEARCH_PATHS = (
					"$(SDKROOT)/Developer/Library/Frameworks",
					"$(inherited)",
					"$(DEVELOPER_FRAMEWORKS_DIR)",
				);
				GCC_PRECOMPILE_PREFIX_HEADER = YES;
				GCC_PREFIX_HEADER = "Dash For Your Life/Dash For Your Life-Prefix.pch";
				GCC_PREPROCESSOR_DEFINITIONS = (
					"DEBUG=1",
					"$(inherited)",
				);
				INFOPLIST_FILE = "Dash For Your LifeTests/Dash For Your LifeTests-Info.plist";
				PRODUCT_NAME = "$(TARGET_NAME)";
				TEST_HOST = "$(BUNDLE_LOADER)";
				WRAPPER_EXTENSION = xctest;
			};
			name = Debug;
		};
		BF6535DD182E1B2C00FFCD3F /* Release */ = {
			isa = XCBuildConfiguration;
			buildSettings = {
				ARCHS = "$(ARCHS_STANDARD_INCLUDING_64_BIT)";
				BUNDLE_LOADER = "$(BUILT_PRODUCTS_DIR)/Dash For Your Life.app/Dash For Your Life";
				FRAMEWORK_SEARCH_PATHS = (
					"$(SDKROOT)/Developer/Library/Frameworks",
					"$(inherited)",
					"$(DEVELOPER_FRAMEWORKS_DIR)",
				);
				GCC_PRECOMPILE_PREFIX_HEADER = YES;
				GCC_PREFIX_HEADER = "Dash For Your Life/Dash For Your Life-Prefix.pch";
				INFOPLIST_FILE = "Dash For Your LifeTests/Dash For Your LifeTests-Info.plist";
				PRODUCT_NAME = "$(TARGET_NAME)";
				TEST_HOST = "$(BUNDLE_LOADER)";
				WRAPPER_EXTENSION = xctest;
			};
			name = Release;
		};
/* End XCBuildConfiguration section */

/* Begin XCConfigurationList section */
		BF65359E182E1B2C00FFCD3F /* Build configuration list for PBXProject "Dash For Your Life" */ = {
			isa = XCConfigurationList;
			buildConfigurations = (
				BF6535D6182E1B2C00FFCD3F /* Debug */,
				BF6535D7182E1B2C00FFCD3F /* Release */,
			);
			defaultConfigurationIsVisible = 0;
			defaultConfigurationName = Release;
		};
		BF6535D8182E1B2C00FFCD3F /* Build configuration list for PBXNativeTarget "Dash For Your Life" */ = {
			isa = XCConfigurationList;
			buildConfigurations = (
				BF6535D9182E1B2C00FFCD3F /* Debug */,
				BF6535DA182E1B2C00FFCD3F /* Release */,
			);
			defaultConfigurationIsVisible = 0;
			defaultConfigurationName = Release;
		};
		BF6535DB182E1B2C00FFCD3F /* Build configuration list for PBXNativeTarget "Dash For Your LifeTests" */ = {
			isa = XCConfigurationList;
			buildConfigurations = (
				BF6535DC182E1B2C00FFCD3F /* Debug */,
				BF6535DD182E1B2C00FFCD3F /* Release */,
			);
			defaultConfigurationIsVisible = 0;
			defaultConfigurationName = Release;
		};
/* End XCConfigurationList section */
	};
	rootObject = BF65359B182E1B2C00FFCD3F /* Project object */;
}
